
Microsoft Visual Studio Solution File, Format Version 12.00
# Visual Studio 15
VisualStudioVersion = 15.0.34031.82
MinimumVisualStudioVersion = 10.0.40219.1
Project("{8BC9CEB8-8B4A-11D0-8D11-00A0C91BC942}") = "P17", "P17\P17.vcxproj", "{49682723-3C2B-4ACA-81A7-59350DB96BA5}"
EndProject
Global
	GlobalSection(SolutionConfigurationPlatforms) = preSolution
		Debug|x64 = Debug|x64
		Debug|x86 = Debug|x86
		Release|x64 = Release|x64
		Release|x86 = Release|x86
	EndGlobalSection
	GlobalSection(ProjectConfigurationPlatforms) = postSolution
		{49682723-3C2B-4ACA-81A7-59350DB96BA5}.Debug|x64.ActiveCfg = Debug|x64
		{49682723-3C2B-4ACA-81A7-59350DB96BA5}.Debug|x64.Build.0 = Debug|x64
		{49682723-3C2B-4ACA-81A7-59350DB96BA5}.Debug|x86.ActiveCfg = Debug|Win32
		{49682723-3C2B-4ACA-81A7-59350DB96BA5}.Debug|x86.Build.0 = Debug|Win32
		{49682723-3C2B-4ACA-81A7-59350DB96BA5}.Release|x64.ActiveCfg = Release|x64
		{49682723-3C2B-4ACA-81A7-59350DB96BA5}.Release|x64.Build.0 = Release|x64
		{49682723-3C2B-4ACA-81A7-59350DB96BA5}.Release|x86.ActiveCfg = Release|Win32
		{49682723-3C2B-4ACA-81A7-59350DB96BA5}.Release|x86.Build.0 = Release|Win32
	EndGlobalSection
	GlobalSection(SolutionProperties) = preSolution
		HideSolutionNode = FALSE
	EndGlobalSection
	GlobalSection(ExtensibilityGlobals) = postSolution
		SolutionGuid = {7EB57C9B-8032-480A-A903-3FB0B4E2A2EA}
	EndGlobalSection
EndGlobal
